
Microsoft Visual Studio Solution File, Format Version 12.00
# Visual Studio Version 17
VisualStudioVersion = 17.3.32922.545
MinimumVisualStudioVersion = 10.0.40219.1
Project("{8BC9CEB8-8B4A-11D0-8D11-00A0C91BC942}") = "GradeReport", "GradeReport\GradeReport.vcxproj", "{45749D60-5A8F-4342-B610-34E901792AA8}"
EndProject
Global
	GlobalSection(SolutionConfigurationPlatforms) = preSolution
		Debug|x64 = Debug|x64
		Debug|x86 = Debug|x86
		Release|x64 = Release|x64
		Release|x86 = Release|x86
	EndGlobalSection
	GlobalSection(ProjectConfigurationPlatforms) = postSolution
		{45749D60-5A8F-4342-B610-34E901792AA8}.Debug|x64.ActiveCfg = Debug|x64
		{45749D60-5A8F-4342-B610-34E901792AA8}.Debug|x64.Build.0 = Debug|x64
		{45749D60-5A8F-4342-B610-34E901792AA8}.Debug|x86.ActiveCfg = Debug|Win32
		{45749D60-5A8F-4342-B610-34E901792AA8}.Debug|x86.Build.0 = Debug|Win32
		{45749D60-5A8F-4342-B610-34E901792AA8}.Release|x64.ActiveCfg = Release|x64
		{45749D60-5A8F-4342-B610-34E901792AA8}.Release|x64.Build.0 = Release|x64
		{45749D60-5A8F-4342-B610-34E901792AA8}.Release|x86.ActiveCfg = Release|Win32
		{45749D60-5A8F-4342-B610-34E901792AA8}.Release|x86.Build.0 = Release|Win32
	EndGlobalSection
	GlobalSection(SolutionProperties) = preSolution
		HideSolutionNode = FALSE
	EndGlobalSection
	GlobalSection(ExtensibilityGlobals) = postSolution
		SolutionGuid = {1514970E-EA56-4C43-BC1C-480936635297}
	EndGlobalSection
EndGlobal
